// !$*UTF8*$!
{
	archiveVersion = 1;
	classes = {
	};
	objectVersion = 51;
	objects = {

/* Begin PBXBuildFile section */
		209F216517EFA73854B166E3 /* Pods_UberClone_UberCloneUITests.framework in Frameworks */ = {isa = PBXBuildFile; fileRef = 65E07DA469710196C0AA8DA6 /* Pods_UberClone_UberCloneUITests.framework */; };
		657C810BCC933255A8335581 /* Pods_UberClone.framework in Frameworks */ = {isa = PBXBuildFile; fileRef = 44877949C0BF6057DF9B1B95 /* Pods_UberClone.framework */; };
		872DE1F658A25DA93B9F4A3C /* Pods_UberCloneTests.framework in Frameworks */ = {isa = PBXBuildFile; fileRef = 55DF17CB8AF3A5D002BB6C4E /* Pods_UberCloneTests.framework */; };
		CE729EFD2420353000758E42 /* AppDelegate.swift in Sources */ = {isa = PBXBuildFile; fileRef = CE729EFC2420353000758E42 /* AppDelegate.swift */; };
		CE729EFF2420353000758E42 /* SceneDelegate.swift in Sources */ = {isa = PBXBuildFile; fileRef = CE729EFE2420353000758E42 /* SceneDelegate.swift */; };
		CE729F042420353000758E42 /* Main.storyboard in Resources */ = {isa = PBXBuildFile; fileRef = CE729F022420353000758E42 /* Main.storyboard */; };
		CE729F092420353400758E42 /* LaunchScreen.storyboard in Resources */ = {isa = PBXBuildFile; fileRef = CE729F072420353400758E42 /* LaunchScreen.storyboard */; };
		CE729F142420353400758E42 /* UberCloneTests.swift in Sources */ = {isa = PBXBuildFile; fileRef = CE729F132420353400758E42 /* UberCloneTests.swift */; };
		CE729F1F2420353400758E42 /* UberCloneUITests.swift in Sources */ = {isa = PBXBuildFile; fileRef = CE729F1E2420353400758E42 /* UberCloneUITests.swift */; };
		CE729F32242035DA00758E42 /* LoginController.swift in Sources */ = {isa = PBXBuildFile; fileRef = CE729F31242035DA00758E42 /* LoginController.swift */; };
		CE729F342420A3EC00758E42 /* Extensions.swift in Sources */ = {isa = PBXBuildFile; fileRef = CE729F332420A3EC00758E42 /* Extensions.swift */; };
		CE729F362420D27B00758E42 /* Assets.xcassets in Resources */ = {isa = PBXBuildFile; fileRef = CE729F352420D27B00758E42 /* Assets.xcassets */; };
		CE729F382420D98900758E42 /* TextField.swift in Sources */ = {isa = PBXBuildFile; fileRef = CE729F372420D98900758E42 /* TextField.swift */; };
		CE729F3A2420EE9300758E42 /* Color.swift in Sources */ = {isa = PBXBuildFile; fileRef = CE729F392420EE9300758E42 /* Color.swift */; };
		CE729F3C2420FB3100758E42 /* SignUpController.swift in Sources */ = {isa = PBXBuildFile; fileRef = CE729F3B2420FB3100758E42 /* SignUpController.swift */; };
		CE729F3E242119C100758E42 /* AuthButton.swift in Sources */ = {isa = PBXBuildFile; fileRef = CE729F3D242119C100758E42 /* AuthButton.swift */; };
		CE729F402423C7F600758E42 /* GoogleService-Info.plist in Resources */ = {isa = PBXBuildFile; fileRef = CE729F3F2423C7F500758E42 /* GoogleService-Info.plist */; };
		CE729F44242489D800758E42 /* HomeController.swift in Sources */ = {isa = PBXBuildFile; fileRef = CE729F43242489D800758E42 /* HomeController.swift */; };
/* End PBXBuildFile section */

/* Begin PBXContainerItemProxy section */
		CE729F102420353400758E42 /* PBXContainerItemProxy */ = {
			isa = PBXContainerItemProxy;
			containerPortal = CE729EF12420353000758E42 /* Project object */;
			proxyType = 1;
			remoteGlobalIDString = CE729EF82420353000758E42;
			remoteInfo = UberClone;
		};
		CE729F1B2420353400758E42 /* PBXContainerItemProxy */ = {
			isa = PBXContainerItemProxy;
			containerPortal = CE729EF12420353000758E42 /* Project object */;
			proxyType = 1;
			remoteGlobalIDString = CE729EF82420353000758E42;
			remoteInfo = UberClone;
		};
/* End PBXContainerItemProxy section */

/* Begin PBXFileReference section */
		2E2482CC7AA501E2E6D6DF1C /* Pods-UberClone.debug.xcconfig */ = {isa = PBXFileReference; includeInIndex = 1; lastKnownFileType = text.xcconfig; name = "Pods-UberClone.debug.xcconfig"; path = "Target Support Files/Pods-UberClone/Pods-UberClone.debug.xcconfig"; sourceTree = "<group>"; };
		36781B2580308B7DC3DEDC22 /* Pods-UberClone-UberCloneUITests.debug.xcconfig */ = {isa = PBXFileReference; includeInIndex = 1; lastKnownFileType = text.xcconfig; name = "Pods-UberClone-UberCloneUITests.debug.xcconfig"; path = "Target Support Files/Pods-UberClone-UberCloneUITests/Pods-UberClone-UberCloneUITests.debug.xcconfig"; sourceTree = "<group>"; };
		44877949C0BF6057DF9B1B95 /* Pods_UberClone.framework */ = {isa = PBXFileReference; explicitFileType = wrapper.framework; includeInIndex = 0; path = Pods_UberClone.framework; sourceTree = BUILT_PRODUCTS_DIR; };
		55DF17CB8AF3A5D002BB6C4E /* Pods_UberCloneTests.framework */ = {isa = PBXFileReference; explicitFileType = wrapper.framework; includeInIndex = 0; path = Pods_UberCloneTests.framework; sourceTree = BUILT_PRODUCTS_DIR; };
		5EA5E3C1B732A43EB0A149CB /* Pods-UberCloneTests.debug.xcconfig */ = {isa = PBXFileReference; includeInIndex = 1; lastKnownFileType = text.xcconfig; name = "Pods-UberCloneTests.debug.xcconfig"; path = "Target Support Files/Pods-UberCloneTests/Pods-UberCloneTests.debug.xcconfig"; sourceTree = "<group>"; };
		65E07DA469710196C0AA8DA6 /* Pods_UberClone_UberCloneUITests.framework */ = {isa = PBXFileReference; explicitFileType = wrapper.framework; includeInIndex = 0; path = Pods_UberClone_UberCloneUITests.framework; sourceTree = BUILT_PRODUCTS_DIR; };
		A3CFA100064D1BA99F2D34AB /* Pods-UberCloneTests.release.xcconfig */ = {isa = PBXFileReference; includeInIndex = 1; lastKnownFileType = text.xcconfig; name = "Pods-UberCloneTests.release.xcconfig"; path = "Target Support Files/Pods-UberCloneTests/Pods-UberCloneTests.release.xcconfig"; sourceTree = "<group>"; };
		A418B7E61B9121EE52CE8DD3 /* Pods-UberClone-UberCloneUITests.release.xcconfig */ = {isa = PBXFileReference; includeInIndex = 1; lastKnownFileType = text.xcconfig; name = "Pods-UberClone-UberCloneUITests.release.xcconfig"; path = "Target Support Files/Pods-UberClone-UberCloneUITests/Pods-UberClone-UberCloneUITests.release.xcconfig"; sourceTree = "<group>"; };
		CE729EF92420353000758E42 /* UberClone.app */ = {isa = PBXFileReference; explicitFileType = wrapper.application; includeInIndex = 0; path = UberClone.app; sourceTree = BUILT_PRODUCTS_DIR; };
		CE729EFC2420353000758E42 /* AppDelegate.swift */ = {isa = PBXFileReference; lastKnownFileType = sourcecode.swift; path = AppDelegate.swift; sourceTree = "<group>"; };
		CE729EFE2420353000758E42 /* SceneDelegate.swift */ = {isa = PBXFileReference; lastKnownFileType = sourcecode.swift; path = SceneDelegate.swift; sourceTree = "<group>"; };
		CE729F032420353000758E42 /* Base */ = {isa = PBXFileReference; lastKnownFileType = file.storyboard; name = Base; path = Base.lproj/Main.storyboard; sourceTree = "<group>"; };
		CE729F082420353400758E42 /* Base */ = {isa = PBXFileReference; lastKnownFileType = file.storyboard; name = Base; path = Base.lproj/LaunchScreen.storyboard; sourceTree = "<group>"; };
		CE729F0A2420353400758E42 /* Info.plist */ = {isa = PBXFileReference; lastKnownFileType = text.plist.xml; path = Info.plist; sourceTree = "<group>"; };
		CE729F0F2420353400758E42 /* UberCloneTests.xctest */ = {isa = PBXFileReference; explicitFileType = wrapper.cfbundle; includeInIndex = 0; path = UberCloneTests.xctest; sourceTree = BUILT_PRODUCTS_DIR; };
		CE729F132420353400758E42 /* UberCloneTests.swift */ = {isa = PBXFileReference; lastKnownFileType = sourcecode.swift; path = UberCloneTests.swift; sourceTree = "<group>"; };
		CE729F152420353400758E42 /* Info.plist */ = {isa = PBXFileReference; lastKnownFileType = text.plist.xml; path = Info.plist; sourceTree = "<group>"; };
		CE729F1A2420353400758E42 /* UberCloneUITests.xctest */ = {isa = PBXFileReference; explicitFileType = wrapper.cfbundle; includeInIndex = 0; path = UberCloneUITests.xctest; sourceTree = BUILT_PRODUCTS_DIR; };
		CE729F1E2420353400758E42 /* UberCloneUITests.swift */ = {isa = PBXFileReference; lastKnownFileType = sourcecode.swift; path = UberCloneUITests.swift; sourceTree = "<group>"; };
		CE729F202420353400758E42 /* Info.plist */ = {isa = PBXFileReference; lastKnownFileType = text.plist.xml; path = Info.plist; sourceTree = "<group>"; };
		CE729F31242035DA00758E42 /* LoginController.swift */ = {isa = PBXFileReference; lastKnownFileType = sourcecode.swift; path = LoginController.swift; sourceTree = "<group>"; };
		CE729F332420A3EC00758E42 /* Extensions.swift */ = {isa = PBXFileReference; lastKnownFileType = sourcecode.swift; path = Extensions.swift; sourceTree = "<group>"; };
		CE729F352420D27B00758E42 /* Assets.xcassets */ = {isa = PBXFileReference; lastKnownFileType = folder.assetcatalog; path = Assets.xcassets; sourceTree = "<group>"; };
		CE729F372420D98900758E42 /* TextField.swift */ = {isa = PBXFileReference; lastKnownFileType = sourcecode.swift; path = TextField.swift; sourceTree = "<group>"; };
		CE729F392420EE9300758E42 /* Color.swift */ = {isa = PBXFileReference; lastKnownFileType = sourcecode.swift; path = Color.swift; sourceTree = "<group>"; };
		CE729F3B2420FB3100758E42 /* SignUpController.swift */ = {isa = PBXFileReference; lastKnownFileType = sourcecode.swift; path = SignUpController.swift; sourceTree = "<group>"; };
		CE729F3D242119C100758E42 /* AuthButton.swift */ = {isa = PBXFileReference; lastKnownFileType = sourcecode.swift; path = AuthButton.swift; sourceTree = "<group>"; };
		CE729F3F2423C7F500758E42 /* GoogleService-Info.plist */ = {isa = PBXFileReference; fileEncoding = 4; lastKnownFileType = text.plist.xml; path = "GoogleService-Info.plist"; sourceTree = "<group>"; };
		CE729F43242489D800758E42 /* HomeController.swift */ = {isa = PBXFileReference; fileEncoding = 4; lastKnownFileType = sourcecode.swift; path = HomeController.swift; sourceTree = "<group>"; };
		F02A99B85CEB40ABEA8AFD5A /* Pods-UberClone.release.xcconfig */ = {isa = PBXFileReference; includeInIndex = 1; lastKnownFileType = text.xcconfig; name = "Pods-UberClone.release.xcconfig"; path = "Target Support Files/Pods-UberClone/Pods-UberClone.release.xcconfig"; sourceTree = "<group>"; };
/* End PBXFileReference section */

/* Begin PBXFrameworksBuildPhase section */
		CE729EF62420353000758E42 /* Frameworks */ = {
			isa = PBXFrameworksBuildPhase;
			buildActionMask = 2147483647;
			files = (
				657C810BCC933255A8335581 /* Pods_UberClone.framework in Frameworks */,
			);
			runOnlyForDeploymentPostprocessing = 0;
		};
		CE729F0C2420353400758E42 /* Frameworks */ = {
			isa = PBXFrameworksBuildPhase;
			buildActionMask = 2147483647;
			files = (
				872DE1F658A25DA93B9F4A3C /* Pods_UberCloneTests.framework in Frameworks */,
			);
			runOnlyForDeploymentPostprocessing = 0;
		};
		CE729F172420353400758E42 /* Frameworks */ = {
			isa = PBXFrameworksBuildPhase;
			buildActionMask = 2147483647;
			files = (
				209F216517EFA73854B166E3 /* Pods_UberClone_UberCloneUITests.framework in Frameworks */,
			);
			runOnlyForDeploymentPostprocessing = 0;
		};
/* End PBXFrameworksBuildPhase section */

/* Begin PBXGroup section */
		5E10AA596A66A08153FC7CB8 /* Frameworks */ = {
			isa = PBXGroup;
			children = (
				44877949C0BF6057DF9B1B95 /* Pods_UberClone.framework */,
				65E07DA469710196C0AA8DA6 /* Pods_UberClone_UberCloneUITests.framework */,
				55DF17CB8AF3A5D002BB6C4E /* Pods_UberCloneTests.framework */,
			);
			name = Frameworks;
			sourceTree = "<group>";
		};
		AD4633DDEAD68C74798C4EEF /* Pods */ = {
			isa = PBXGroup;
			children = (
				2E2482CC7AA501E2E6D6DF1C /* Pods-UberClone.debug.xcconfig */,
				F02A99B85CEB40ABEA8AFD5A /* Pods-UberClone.release.xcconfig */,
				36781B2580308B7DC3DEDC22 /* Pods-UberClone-UberCloneUITests.debug.xcconfig */,
				A418B7E61B9121EE52CE8DD3 /* Pods-UberClone-UberCloneUITests.release.xcconfig */,
				5EA5E3C1B732A43EB0A149CB /* Pods-UberCloneTests.debug.xcconfig */,
				A3CFA100064D1BA99F2D34AB /* Pods-UberCloneTests.release.xcconfig */,
			);
			path = Pods;
			sourceTree = "<group>";
		};
		CE729EF02420353000758E42 = {
			isa = PBXGroup;
			children = (
				CE729EFB2420353000758E42 /* UberClone */,
				CE729F122420353400758E42 /* UberCloneTests */,
				CE729F1D2420353400758E42 /* UberCloneUITests */,
				CE729EFA2420353000758E42 /* Products */,
				AD4633DDEAD68C74798C4EEF /* Pods */,
				5E10AA596A66A08153FC7CB8 /* Frameworks */,
			);
			sourceTree = "<group>";
		};
		CE729EFA2420353000758E42 /* Products */ = {
			isa = PBXGroup;
			children = (
				CE729EF92420353000758E42 /* UberClone.app */,
				CE729F0F2420353400758E42 /* UberCloneTests.xctest */,
				CE729F1A2420353400758E42 /* UberCloneUITests.xctest */,
			);
			name = Products;
			sourceTree = "<group>";
		};
		CE729EFB2420353000758E42 /* UberClone */ = {
			isa = PBXGroup;
			children = (
				CE729F2C2420354400758E42 /* Model */,
				CE729F2D2420355300758E42 /* View */,
				CE729F2E2420355E00758E42 /* Controller */,
				CE729F302420358300758E42 /* Utils */,
				CE729F2F2420357A00758E42 /* Service */,
				CE729EFC2420353000758E42 /* AppDelegate.swift */,
				CE729EFE2420353000758E42 /* SceneDelegate.swift */,
				CE729F352420D27B00758E42 /* Assets.xcassets */,
				CE729F022420353000758E42 /* Main.storyboard */,
				CE729F072420353400758E42 /* LaunchScreen.storyboard */,
				CE729F0A2420353400758E42 /* Info.plist */,
				CE729F3F2423C7F500758E42 /* GoogleService-Info.plist */,
			);
			path = UberClone;
			sourceTree = "<group>";
		};
		CE729F122420353400758E42 /* UberCloneTests */ = {
			isa = PBXGroup;
			children = (
				CE729F132420353400758E42 /* UberCloneTests.swift */,
				CE729F152420353400758E42 /* Info.plist */,
			);
			path = UberCloneTests;
			sourceTree = "<group>";
		};
		CE729F1D2420353400758E42 /* UberCloneUITests */ = {
			isa = PBXGroup;
			children = (
				CE729F1E2420353400758E42 /* UberCloneUITests.swift */,
				CE729F202420353400758E42 /* Info.plist */,
			);
			path = UberCloneUITests;
			sourceTree = "<group>";
		};
		CE729F2C2420354400758E42 /* Model */ = {
			isa = PBXGroup;
			children = (
			);
			path = Model;
			sourceTree = "<group>";
		};
		CE729F2D2420355300758E42 /* View */ = {
			isa = PBXGroup;
			children = (
				CE729F3D242119C100758E42 /* AuthButton.swift */,
			);
			path = View;
			sourceTree = "<group>";
		};
		CE729F2E2420355E00758E42 /* Controller */ = {
			isa = PBXGroup;
			children = (
				CE729F31242035DA00758E42 /* LoginController.swift */,
				CE729F3B2420FB3100758E42 /* SignUpController.swift */,
				CE729F43242489D800758E42 /* HomeController.swift */,
			);
			path = Controller;
			sourceTree = "<group>";
		};
		CE729F2F2420357A00758E42 /* Service */ = {
			isa = PBXGroup;
			children = (
			);
			path = Service;
			sourceTree = "<group>";
		};
		CE729F302420358300758E42 /* Utils */ = {
			isa = PBXGroup;
			children = (
				CE729F332420A3EC00758E42 /* Extensions.swift */,
				CE729F372420D98900758E42 /* TextField.swift */,
				CE729F392420EE9300758E42 /* Color.swift */,
			);
			path = Utils;
			sourceTree = "<group>";
		};
/* End PBXGroup section */

/* Begin PBXNativeTarget section */
		CE729EF82420353000758E42 /* UberClone */ = {
			isa = PBXNativeTarget;
			buildConfigurationList = CE729F232420353400758E42 /* Build configuration list for PBXNativeTarget "UberClone" */;
			buildPhases = (
				643BC01112BBD5E4B8768436 /* [CP] Check Pods Manifest.lock */,
				CE729EF52420353000758E42 /* Sources */,
				CE729EF62420353000758E42 /* Frameworks */,
				CE729EF72420353000758E42 /* Resources */,
				E37984B196C6044A57E7BECA /* [CP] Embed Pods Frameworks */,
			);
			buildRules = (
			);
			dependencies = (
			);
			name = UberClone;
			productName = UberClone;
			productReference = CE729EF92420353000758E42 /* UberClone.app */;
			productType = "com.apple.product-type.application";
		};
		CE729F0E2420353400758E42 /* UberCloneTests */ = {
			isa = PBXNativeTarget;
			buildConfigurationList = CE729F262420353400758E42 /* Build configuration list for PBXNativeTarget "UberCloneTests" */;
			buildPhases = (
				9BA94EB695B9E90D18423053 /* [CP] Check Pods Manifest.lock */,
				CE729F0B2420353400758E42 /* Sources */,
				CE729F0C2420353400758E42 /* Frameworks */,
				CE729F0D2420353400758E42 /* Resources */,
			);
			buildRules = (
			);
			dependencies = (
				CE729F112420353400758E42 /* PBXTargetDependency */,
			);
			name = UberCloneTests;
			productName = UberCloneTests;
			productReference = CE729F0F2420353400758E42 /* UberCloneTests.xctest */;
			productType = "com.apple.product-type.bundle.unit-test";
		};
		CE729F192420353400758E42 /* UberCloneUITests */ = {
			isa = PBXNativeTarget;
			buildConfigurationList = CE729F292420353400758E42 /* Build configuration list for PBXNativeTarget "UberCloneUITests" */;
			buildPhases = (
				30B7835ACBD8DF10922E9CCD /* [CP] Check Pods Manifest.lock */,
				CE729F162420353400758E42 /* Sources */,
				CE729F172420353400758E42 /* Frameworks */,
				CE729F182420353400758E42 /* Resources */,
				87AD31AB15828CA015C14ED7 /* [CP] Embed Pods Frameworks */,
			);
			buildRules = (
			);
			dependencies = (
				CE729F1C2420353400758E42 /* PBXTargetDependency */,
			);
			name = UberCloneUITests;
			productName = UberCloneUITests;
			productReference = CE729F1A2420353400758E42 /* UberCloneUITests.xctest */;
			productType = "com.apple.product-type.bundle.ui-testing";
		};
/* End PBXNativeTarget section */

/* Begin PBXProject section */
		CE729EF12420353000758E42 /* Project object */ = {
			isa = PBXProject;
			attributes = {
				LastSwiftUpdateCheck = 1130;
				LastUpgradeCheck = 1130;
				ORGANIZATIONNAME = martins;
				TargetAttributes = {
					CE729EF82420353000758E42 = {
						CreatedOnToolsVersion = 11.3.1;
					};
					CE729F0E2420353400758E42 = {
						CreatedOnToolsVersion = 11.3.1;
						TestTargetID = CE729EF82420353000758E42;
					};
					CE729F192420353400758E42 = {
						CreatedOnToolsVersion = 11.3.1;
						TestTargetID = CE729EF82420353000758E42;
					};
				};
			};
			buildConfigurationList = CE729EF42420353000758E42 /* Build configuration list for PBXProject "UberClone" */;
			compatibilityVersion = "Xcode 9.3";
			developmentRegion = en;
			hasScannedForEncodings = 0;
			knownRegions = (
				en,
				Base,
			);
			mainGroup = CE729EF02420353000758E42;
			productRefGroup = CE729EFA2420353000758E42 /* Products */;
			projectDirPath = "";
			projectRoot = "";
			targets = (
				CE729EF82420353000758E42 /* UberClone */,
				CE729F0E2420353400758E42 /* UberCloneTests */,
				CE729F192420353400758E42 /* UberCloneUITests */,
			);
		};
/* End PBXProject section */

/* Begin PBXResourcesBuildPhase section */
		CE729EF72420353000758E42 /* Resources */ = {
			isa = PBXResourcesBuildPhase;
			buildActionMask = 2147483647;
			files = (
				CE729F092420353400758E42 /* LaunchScreen.storyboard in Resources */,
				CE729F402423C7F600758E42 /* GoogleService-Info.plist in Resources */,
				CE729F362420D27B00758E42 /* Assets.xcassets in Resources */,
				CE729F042420353000758E42 /* Main.storyboard in Resources */,
			);
			runOnlyForDeploymentPostprocessing = 0;
		};
		CE729F0D2420353400758E42 /* Resources */ = {
			isa = PBXResourcesBuildPhase;
			buildActionMask = 2147483647;
			files = (
			);
			runOnlyForDeploymentPostprocessing = 0;
		};
		CE729F182420353400758E42 /* Resources */ = {
			isa = PBXResourcesBuildPhase;
			buildActionMask = 2147483647;
			files = (
			);
			runOnlyForDeploymentPostprocessing = 0;
		};
/* End PBXResourcesBuildPhase section */

/* Begin PBXShellScriptBuildPhase section */
		30B7835ACBD8DF10922E9CCD /* [CP] Check Pods Manifest.lock */ = {
			isa = PBXShellScriptBuildPhase;
			buildActionMask = 2147483647;
			files = (
			);
			inputFileListPaths = (
			);
			inputPaths = (
				"${PODS_PODFILE_DIR_PATH}/Podfile.lock",
				"${PODS_ROOT}/Manifest.lock",
			);
			name = "[CP] Check Pods Manifest.lock";
			outputFileListPaths = (
			);
			outputPaths = (
				"$(DERIVED_FILE_DIR)/Pods-UberClone-UberCloneUITests-checkManifestLockResult.txt",
			);
			runOnlyForDeploymentPostprocessing = 0;
			shellPath = /bin/sh;
			shellScript = "diff \"${PODS_PODFILE_DIR_PATH}/Podfile.lock\" \"${PODS_ROOT}/Manifest.lock\" > /dev/null\nif [ $? != 0 ] ; then\n    # print error to STDERR\n    echo \"error: The sandbox is not in sync with the Podfile.lock. Run 'pod install' or update your CocoaPods installation.\" >&2\n    exit 1\nfi\n# This output is used by Xcode 'outputs' to avoid re-running this script phase.\necho \"SUCCESS\" > \"${SCRIPT_OUTPUT_FILE_0}\"\n";
			showEnvVarsInLog = 0;
		};
		643BC01112BBD5E4B8768436 /* [CP] Check Pods Manifest.lock */ = {
			isa = PBXShellScriptBuildPhase;
			buildActionMask = 2147483647;
			files = (
			);
			inputFileListPaths = (
			);
			inputPaths = (
				"${PODS_PODFILE_DIR_PATH}/Podfile.lock",
				"${PODS_ROOT}/Manifest.lock",
			);
			name = "[CP] Check Pods Manifest.lock";
			outputFileListPaths = (
			);
			outputPaths = (
				"$(DERIVED_FILE_DIR)/Pods-UberClone-checkManifestLockResult.txt",
			);
			runOnlyForDeploymentPostprocessing = 0;
			shellPath = /bin/sh;
			shellScript = "diff \"${PODS_PODFILE_DIR_PATH}/Podfile.lock\" \"${PODS_ROOT}/Manifest.lock\" > /dev/null\nif [ $? != 0 ] ; then\n    # print error to STDERR\n    echo \"error: The sandbox is not in sync with the Podfile.lock. Run 'pod install' or update your CocoaPods installation.\" >&2\n    exit 1\nfi\n# This output is used by Xcode 'outputs' to avoid re-running this script phase.\necho \"SUCCESS\" > \"${SCRIPT_OUTPUT_FILE_0}\"\n";
			showEnvVarsInLog = 0;
		};
		87AD31AB15828CA015C14ED7 /* [CP] Embed Pods Frameworks */ = {
			isa = PBXShellScriptBuildPhase;
			buildActionMask = 2147483647;
			files = (
			);
			inputFileListPaths = (
				"${PODS_ROOT}/Target Support Files/Pods-UberClone-UberCloneUITests/Pods-UberClone-UberCloneUITests-frameworks-${CONFIGURATION}-input-files.xcfilelist",
			);
			name = "[CP] Embed Pods Frameworks";
			outputFileListPaths = (
				"${PODS_ROOT}/Target Support Files/Pods-UberClone-UberCloneUITests/Pods-UberClone-UberCloneUITests-frameworks-${CONFIGURATION}-output-files.xcfilelist",
			);
			runOnlyForDeploymentPostprocessing = 0;
			shellPath = /bin/sh;
			shellScript = "\"${PODS_ROOT}/Target Support Files/Pods-UberClone-UberCloneUITests/Pods-UberClone-UberCloneUITests-frameworks.sh\"\n";
			showEnvVarsInLog = 0;
		};
		9BA94EB695B9E90D18423053 /* [CP] Check Pods Manifest.lock */ = {
			isa = PBXShellScriptBuildPhase;
			buildActionMask = 2147483647;
			files = (
			);
			inputFileListPaths = (
			);
			inputPaths = (
				"${PODS_PODFILE_DIR_PATH}/Podfile.lock",
				"${PODS_ROOT}/Manifest.lock",
			);
			name = "[CP] Check Pods Manifest.lock";
			outputFileListPaths = (
			);
			outputPaths = (
				"$(DERIVED_FILE_DIR)/Pods-UberCloneTests-checkManifestLockResult.txt",
			);
			runOnlyForDeploymentPostprocessing = 0;
			shellPath = /bin/sh;
			shellScript = "diff \"${PODS_PODFILE_DIR_PATH}/Podfile.lock\" \"${PODS_ROOT}/Manifest.lock\" > /dev/null\nif [ $? != 0 ] ; then\n    # print error to STDERR\n    echo \"error: The sandbox is not in sync with the Podfile.lock. Run 'pod install' or update your CocoaPods installation.\" >&2\n    exit 1\nfi\n# This output is used by Xcode 'outputs' to avoid re-running this script phase.\necho \"SUCCESS\" > \"${SCRIPT_OUTPUT_FILE_0}\"\n";
			showEnvVarsInLog = 0;
		};
		E37984B196C6044A57E7BECA /* [CP] Embed Pods Frameworks */ = {
			isa = PBXShellScriptBuildPhase;
			buildActionMask = 2147483647;
			files = (
			);
			inputFileListPaths = (
				"${PODS_ROOT}/Target Support Files/Pods-UberClone/Pods-UberClone-frameworks-${CONFIGURATION}-input-files.xcfilelist",
			);
			name = "[CP] Embed Pods Frameworks";
			outputFileListPaths = (
				"${PODS_ROOT}/Target Support Files/Pods-UberClone/Pods-UberClone-frameworks-${CONFIGURATION}-output-files.xcfilelist",
			);
			runOnlyForDeploymentPostprocessing = 0;
			shellPath = /bin/sh;
			shellScript = "\"${PODS_ROOT}/Target Support Files/Pods-UberClone/Pods-UberClone-frameworks.sh\"\n";
			showEnvVarsInLog = 0;
		};
/* End PBXShellScriptBuildPhase section */

/* Begin PBXSourcesBuildPhase section */
		CE729EF52420353000758E42 /* Sources */ = {
			isa = PBXSourcesBuildPhase;
			buildActionMask = 2147483647;
			files = (
				CE729F32242035DA00758E42 /* LoginController.swift in Sources */,
				CE729F3E242119C100758E42 /* AuthButton.swift in Sources */,
				CE729EFD2420353000758E42 /* AppDelegate.swift in Sources */,
				CE729F3C2420FB3100758E42 /* SignUpController.swift in Sources */,
				CE729EFF2420353000758E42 /* SceneDelegate.swift in Sources */,
				CE729F382420D98900758E42 /* TextField.swift in Sources */,
				CE729F342420A3EC00758E42 /* Extensions.swift in Sources */,
				CE729F3A2420EE9300758E42 /* Color.swift in Sources */,
				CE729F44242489D800758E42 /* HomeController.swift in Sources */,
			);
			runOnlyForDeploymentPostprocessing = 0;
		};
		CE729F0B2420353400758E42 /* Sources */ = {
			isa = PBXSourcesBuildPhase;
			buildActionMask = 2147483647;
			files = (
				CE729F142420353400758E42 /* UberCloneTests.swift in Sources */,
			);
			runOnlyForDeploymentPostprocessing = 0;
		};
		CE729F162420353400758E42 /* Sources */ = {
			isa = PBXSourcesBuildPhase;
			buildActionMask = 2147483647;
			files = (
				CE729F1F2420353400758E42 /* UberCloneUITests.swift in Sources */,
			);
			runOnlyForDeploymentPostprocessing = 0;
		};
/* End PBXSourcesBuildPhase section */

/* Begin PBXTargetDependency section */
		CE729F112420353400758E42 /* PBXTargetDependency */ = {
			isa = PBXTargetDependency;
			target = CE729EF82420353000758E42 /* UberClone */;
			targetProxy = CE729F102420353400758E42 /* PBXContainerItemProxy */;
		};
		CE729F1C2420353400758E42 /* PBXTargetDependency */ = {
			isa = PBXTargetDependency;
			target = CE729EF82420353000758E42 /* UberClone */;
			targetProxy = CE729F1B2420353400758E42 /* PBXContainerItemProxy */;
		};
/* End PBXTargetDependency section */

/* Begin PBXVariantGroup section */
		CE729F022420353000758E42 /* Main.storyboard */ = {
			isa = PBXVariantGroup;
			children = (
				CE729F032420353000758E42 /* Base */,
			);
			name = Main.storyboard;
			sourceTree = "<group>";
		};
		CE729F072420353400758E42 /* LaunchScreen.storyboard */ = {
			isa = PBXVariantGroup;
			children = (
				CE729F082420353400758E42 /* Base */,
			);
			name = LaunchScreen.storyboard;
			sourceTree = "<group>";
		};
/* End PBXVariantGroup section */

/* Begin XCBuildConfiguration section */
		CE729F212420353400758E42 /* Debug */ = {
			isa = XCBuildConfiguration;
			buildSettings = {
				ALWAYS_SEARCH_USER_PATHS = NO;
				CLANG_ANALYZER_NONNULL = YES;
				CLANG_ANALYZER_NUMBER_OBJECT_CONVERSION = YES_AGGRESSIVE;
				CLANG_CXX_LANGUAGE_STANDARD = "gnu++14";
				CLANG_CXX_LIBRARY = "libc++";
				CLANG_ENABLE_MODULES = YES;
				CLANG_ENABLE_OBJC_ARC = YES;
				CLANG_ENABLE_OBJC_WEAK = YES;
				CLANG_WARN_BLOCK_CAPTURE_AUTORELEASING = YES;
				CLANG_WARN_BOOL_CONVERSION = YES;
				CLANG_WARN_COMMA = YES;
				CLANG_WARN_CONSTANT_CONVERSION = YES;
				CLANG_WARN_DEPRECATED_OBJC_IMPLEMENTATIONS = YES;
				CLANG_WARN_DIRECT_OBJC_ISA_USAGE = YES_ERROR;
				CLANG_WARN_DOCUMENTATION_COMMENTS = YES;
				CLANG_WARN_EMPTY_BODY = YES;
				CLANG_WARN_ENUM_CONVERSION = YES;
				CLANG_WARN_INFINITE_RECURSION = YES;
				CLANG_WARN_INT_CONVERSION = YES;
				CLANG_WARN_NON_LITERAL_NULL_CONVERSION = YES;
				CLANG_WARN_OBJC_IMPLICIT_RETAIN_SELF = YES;
				CLANG_WARN_OBJC_LITERAL_CONVERSION = YES;
				CLANG_WARN_OBJC_ROOT_CLASS = YES_ERROR;
				CLANG_WARN_RANGE_LOOP_ANALYSIS = YES;
				CLANG_WARN_STRICT_PROTOTYPES = YES;
				CLANG_WARN_SUSPICIOUS_MOVE = YES;
				CLANG_WARN_UNGUARDED_AVAILABILITY = YES_AGGRESSIVE;
				CLANG_WARN_UNREACHABLE_CODE = YES;
				CLANG_WARN__DUPLICATE_METHOD_MATCH = YES;
				COPY_PHASE_STRIP = NO;
				DEBUG_INFORMATION_FORMAT = dwarf;
				ENABLE_STRICT_OBJC_MSGSEND = YES;
				ENABLE_TESTABILITY = YES;
				GCC_C_LANGUAGE_STANDARD = gnu11;
				GCC_DYNAMIC_NO_PIC = NO;
				GCC_NO_COMMON_BLOCKS = YES;
				GCC_OPTIMIZATION_LEVEL = 0;
				GCC_PREPROCESSOR_DEFINITIONS = (
					"DEBUG=1",
					"$(inherited)",
				);
				GCC_WARN_64_TO_32_BIT_CONVERSION = YES;
				GCC_WARN_ABOUT_RETURN_TYPE = YES_ERROR;
				GCC_WARN_UNDECLARED_SELECTOR = YES;
				GCC_WARN_UNINITIALIZED_AUTOS = YES_AGGRESSIVE;
				GCC_WARN_UNUSED_FUNCTION = YES;
				GCC_WARN_UNUSED_VARIABLE = YES;
				IPHONEOS_DEPLOYMENT_TARGET = 13.2;
				MTL_ENABLE_DEBUG_INFO = INCLUDE_SOURCE;
				MTL_FAST_MATH = YES;
				ONLY_ACTIVE_ARCH = YES;
				SDKROOT = iphoneos;
				SWIFT_ACTIVE_COMPILATION_CONDITIONS = DEBUG;
				SWIFT_OPTIMIZATION_LEVEL = "-Onone";
			};
			name = Debug;
		};
		CE729F222420353400758E42 /* Release */ = {
			isa = XCBuildConfiguration;
			buildSettings = {
				ALWAYS_SEARCH_USER_PATHS = NO;
				CLANG_ANALYZER_NONNULL = YES;
				CLANG_ANALYZER_NUMBER_OBJECT_CONVERSION = YES_AGGRESSIVE;
				CLANG_CXX_LANGUAGE_STANDARD = "gnu++14";
				CLANG_CXX_LIBRARY = "libc++";
				CLANG_ENABLE_MODULES = YES;
				CLANG_ENABLE_OBJC_ARC = YES;
				CLANG_ENABLE_OBJC_WEAK = YES;
				CLANG_WARN_BLOCK_CAPTURE_AUTORELEASING = YES;
				CLANG_WARN_BOOL_CONVERSION = YES;
				CLANG_WARN_COMMA = YES;
				CLANG_WARN_CONSTANT_CONVERSION = YES;
				CLANG_WARN_DEPRECATED_OBJC_IMPLEMENTATIONS = YES;
				CLANG_WARN_DIRECT_OBJC_ISA_USAGE = YES_ERROR;
				CLANG_WARN_DOCUMENTATION_COMMENTS = YES;
				CLANG_WARN_EMPTY_BODY = YES;
				CLANG_WARN_ENUM_CONVERSION = YES;
				CLANG_WARN_INFINITE_RECURSION = YES;
				CLANG_WARN_INT_CONVERSION = YES;
				CLANG_WARN_NON_LITERAL_NULL_CONVERSION = YES;
				CLANG_WARN_OBJC_IMPLICIT_RETAIN_SELF = YES;
				CLANG_WARN_OBJC_LITERAL_CONVERSION = YES;
				CLANG_WARN_OBJC_ROOT_CLASS = YES_ERROR;
				CLANG_WARN_RANGE_LOOP_ANALYSIS = YES;
				CLANG_WARN_STRICT_PROTOTYPES = YES;
				CLANG_WARN_SUSPICIOUS_MOVE = YES;
				CLANG_WARN_UNGUARDED_AVAILABILITY = YES_AGGRESSIVE;
				CLANG_WARN_UNREACHABLE_CODE = YES;
				CLANG_WARN__DUPLICATE_METHOD_MATCH = YES;
				COPY_PHASE_STRIP = NO;
				DEBUG_INFORMATION_FORMAT = "dwarf-with-dsym";
				ENABLE_NS_ASSERTIONS = NO;
				ENABLE_STRICT_OBJC_MSGSEND = YES;
				GCC_C_LANGUAGE_STANDARD = gnu11;
				GCC_NO_COMMON_BLOCKS = YES;
				GCC_WARN_64_TO_32_BIT_CONVERSION = YES;
				GCC_WARN_ABOUT_RETURN_TYPE = YES_ERROR;
				GCC_WARN_UNDECLARED_SELECTOR = YES;
				GCC_WARN_UNINITIALIZED_AUTOS = YES_AGGRESSIVE;
				GCC_WARN_UNUSED_FUNCTION = YES;
				GCC_WARN_UNUSED_VARIABLE = YES;
				IPHONEOS_DEPLOYMENT_TARGET = 13.2;
				MTL_ENABLE_DEBUG_INFO = NO;
				MTL_FAST_MATH = YES;
				SDKROOT = iphoneos;
				SWIFT_COMPILATION_MODE = wholemodule;
				SWIFT_OPTIMIZATION_LEVEL = "-O";
				VALIDATE_PRODUCT = YES;
			};
			name = Release;
		};
		CE729F242420353400758E42 /* Debug */ = {
			isa = XCBuildConfiguration;
			baseConfigurationReference = 2E2482CC7AA501E2E6D6DF1C /* Pods-UberClone.debug.xcconfig */;
			buildSettings = {
				ASSETCATALOG_COMPILER_APPICON_NAME = AppIcon;
				CODE_SIGN_STYLE = Automatic;
				DEVELOPMENT_TEAM = JF9T5L7ML9;
				INFOPLIST_FILE = UberClone/Info.plist;
				LD_RUNPATH_SEARCH_PATHS = (
					"$(inherited)",
					"@executable_path/Frameworks",
				);
				PRODUCT_BUNDLE_IDENTIFIER = martins.UberClone;
				PRODUCT_NAME = "$(TARGET_NAME)";
				SWIFT_VERSION = 5.0;
				TARGETED_DEVICE_FAMILY = "1,2";
			};
			name = Debug;
		};
		CE729F252420353400758E42 /* Release */ = {
			isa = XCBuildConfiguration;
			baseConfigurationReference = F02A99B85CEB40ABEA8AFD5A /* Pods-UberClone.release.xcconfig */;
			buildSettings = {
				ASSETCATALOG_COMPILER_APPICON_NAME = AppIcon;
				CODE_SIGN_STYLE = Automatic;
				DEVELOPMENT_TEAM = JF9T5L7ML9;
				INFOPLIST_FILE = UberClone/Info.plist;
				LD_RUNPATH_SEARCH_PATHS = (
					"$(inherited)",
					"@executable_path/Frameworks",
				);
				PRODUCT_BUNDLE_IDENTIFIER = martins.UberClone;
				PRODUCT_NAME = "$(TARGET_NAME)";
				SWIFT_VERSION = 5.0;
				TARGETED_DEVICE_FAMILY = "1,2";
			};
			name = Release;
		};
		CE729F272420353400758E42 /* Debug */ = {
			isa = XCBuildConfiguration;
			baseConfigurationReference = 5EA5E3C1B732A43EB0A149CB /* Pods-UberCloneTests.debug.xcconfig */;
			buildSettings = {
				ALWAYS_EMBED_SWIFT_STANDARD_LIBRARIES = YES;
				BUNDLE_LOADER = "$(TEST_HOST)";
				CODE_SIGN_STYLE = Automatic;
				DEVELOPMENT_TEAM = JF9T5L7ML9;
				INFOPLIST_FILE = UberCloneTests/Info.plist;
				IPHONEOS_DEPLOYMENT_TARGET = 13.2;
				LD_RUNPATH_SEARCH_PATHS = (
					"$(inherited)",
					"@executable_path/Frameworks",
					"@loader_path/Frameworks",
				);
				PRODUCT_BUNDLE_IDENTIFIER = martins.UberCloneTests;
				PRODUCT_NAME = "$(TARGET_NAME)";
				SWIFT_VERSION = 5.0;
				TARGETED_DEVICE_FAMILY = "1,2";
				TEST_HOST = "$(BUILT_PRODUCTS_DIR)/UberClone.app/UberClone";
			};
			name = Debug;
		};
		CE729F282420353400758E42 /* Release */ = {
			isa = XCBuildConfiguration;
			baseConfigurationReference = A3CFA100064D1BA99F2D34AB /* Pods-UberCloneTests.release.xcconfig */;
			buildSettings = {
				ALWAYS_EMBED_SWIFT_STANDARD_LIBRARIES = YES;
				BUNDLE_LOADER = "$(TEST_HOST)";
				CODE_SIGN_STYLE = Automatic;
				DEVELOPMENT_TEAM = JF9T5L7ML9;
				INFOPLIST_FILE = UberCloneTests/Info.plist;
				IPHONEOS_DEPLOYMENT_TARGET = 13.2;
				LD_RUNPATH_SEARCH_PATHS = (
					"$(inherited)",
					"@executable_path/Frameworks",
					"@loader_path/Frameworks",
				);
				PRODUCT_BUNDLE_IDENTIFIER = martins.UberCloneTests;
				PRODUCT_NAME = "$(TARGET_NAME)";
				SWIFT_VERSION = 5.0;
				TARGETED_DEVICE_FAMILY = "1,2";
				TEST_HOST = "$(BUILT_PRODUCTS_DIR)/UberClone.app/UberClone";
			};
			name = Release;
		};
		CE729F2A2420353400758E42 /* Debug */ = {
			isa = XCBuildConfiguration;
			baseConfigurationReference = 36781B2580308B7DC3DEDC22 /* Pods-UberClone-UberCloneUITests.debug.xcconfig */;
			buildSettings = {
				ALWAYS_EMBED_SWIFT_STANDARD_LIBRARIES = YES;
				CODE_SIGN_STYLE = Automatic;
				DEVELOPMENT_TEAM = JF9T5L7ML9;
				INFOPLIST_FILE = UberCloneUITests/Info.plist;
				LD_RUNPATH_SEARCH_PATHS = (
					"$(inherited)",
					"@executable_path/Frameworks",
					"@loader_path/Frameworks",
				);
				PRODUCT_BUNDLE_IDENTIFIER = martins.UberCloneUITests;
				PRODUCT_NAME = "$(TARGET_NAME)";
				SWIFT_VERSION = 5.0;
				TARGETED_DEVICE_FAMILY = "1,2";
				TEST_TARGET_NAME = UberClone;
			};
			name = Debug;
		};
		CE729F2B2420353400758E42 /* Release */ = {
			isa = XCBuildConfiguration;
			baseConfigurationReference = A418B7E61B9121EE52CE8DD3 /* Pods-UberClone-UberCloneUITests.release.xcconfig */;
			buildSettings = {
				ALWAYS_EMBED_SWIFT_STANDARD_LIBRARIES = YES;
				CODE_SIGN_STYLE = Automatic;
				DEVELOPMENT_TEAM = JF9T5L7ML9;
				INFOPLIST_FILE = UberCloneUITests/Info.plist;
				LD_RUNPATH_SEARCH_PATHS = (
					"$(inherited)",
					"@executable_path/Frameworks",
					"@loader_path/Frameworks",
				);
				PRODUCT_BUNDLE_IDENTIFIER = martins.UberCloneUITests;
				PRODUCT_NAME = "$(TARGET_NAME)";
				SWIFT_VERSION = 5.0;
				TARGETED_DEVICE_FAMILY = "1,2";
				TEST_TARGET_NAME = UberClone;
			};
			name = Release;
		};
/* End XCBuildConfiguration section */

/* Begin XCConfigurationList section */
		CE729EF42420353000758E42 /* Build configuration list for PBXProject "UberClone" */ = {
			isa = XCConfigurationList;
			buildConfigurations = (
				CE729F212420353400758E42 /* Debug */,
				CE729F222420353400758E42 /* Release */,
			);
			defaultConfigurationIsVisible = 0;
			defaultConfigurationName = Release;
		};
		CE729F232420353400758E42 /* Build configuration list for PBXNativeTarget "UberClone" */ = {
			isa = XCConfigurationList;
			buildConfigurations = (
				CE729F242420353400758E42 /* Debug */,
				CE729F252420353400758E42 /* Release */,
			);
			defaultConfigurationIsVisible = 0;
			defaultConfigurationName = Release;
		};
		CE729F262420353400758E42 /* Build configuration list for PBXNativeTarget "UberCloneTests" */ = {
			isa = XCConfigurationList;
			buildConfigurations = (
				CE729F272420353400758E42 /* Debug */,
				CE729F282420353400758E42 /* Release */,
			);
			defaultConfigurationIsVisible = 0;
			defaultConfigurationName = Release;
		};
		CE729F292420353400758E42 /* Build configuration list for PBXNativeTarget "UberCloneUITests" */ = {
			isa = XCConfigurationList;
			buildConfigurations = (
				CE729F2A2420353400758E42 /* Debug */,
				CE729F2B2420353400758E42 /* Release */,
			);
			defaultConfigurationIsVisible = 0;
			defaultConfigurationName = Release;
		};
/* End XCConfigurationList section */
	};
	rootObject = CE729EF12420353000758E42 /* Project object */;
}
